Microsoft Visual Studio Solution File, Format Version 12.00
# Visual Studio Version 17
VisualStudioVersion = 17.5.2.0
MinimumVisualStudioVersion = 10.0.40219.1
Project("{FAE04EC0-301F-11D3-BF4B-00C04F79EFBC}") = "OpenAI", "OpenAI.csproj", "{01A27A7D-3A95-1015-BB5F-35562068D875}"
EndProject
Global
	GlobalSection(SolutionConfigurationPlatforms) = preSolution
		Debug|Any CPU = Debug|Any CPU
		Release|Any CPU = Release|Any CPU
	EndGlobalSection
	GlobalSection(ProjectConfigurationPlatforms) = postSolution
		{01A27A7D-3A95-1015-BB5F-35562068D875}.Debug|Any CPU.ActiveCfg = Debug|Any CPU
		{01A27A7D-3A95-1015-BB5F-35562068D875}.Debug|Any CPU.Build.0 = Debug|Any CPU
		{01A27A7D-3A95-1015-BB5F-35562068D875}.Release|Any CPU.ActiveCfg = Release|Any CPU
		{01A27A7D-3A95-1015-BB5F-35562068D875}.Release|Any CPU.Build.0 = Release|Any CPU
	EndGlobalSection
	GlobalSection(SolutionProperties) = preSolution
		HideSolutionNode = FALSE
	EndGlobalSection
	GlobalSection(ExtensibilityGlobals) = postSolution
		SolutionGuid = {9F5DF8CE-A9FF-4F48-85F0-C024F0209E42}
	EndGlobalSection
EndGlobal
